# Prisma Migrate lockfile v1

20201023213110-up
20201025193212-up
20201026003353-up
20201028223146-up
20201029190543-up
20201101181745-up
20201101203941-up
20201104220203-up
20201104221829-up
20201104224622-up
20201105215903-up
20201108194856-up
20201108213418-up
20201108223807-up
20201110223025-up
20201111210507-up
20201116190509-up
20201116223625-up
20201119125748-up
20201119143248-up
20201119220813-up
20201120130104-up
20201122222039-up
20201123181355-up
20201124083328-up
20201125231006-up
20201127144924-up
20201128194812-up
20201128211842-up
20201128212101-up
20201128214400-up
20201128215027-up
20201128215324-up
20201128230403-up