# Prisma Migrate lockfile v1

20200830215917-init
20200831123627-session
20200831193514-nextauth
20200831194454-fixauth
20200831200231-tweak1
20200831211559-tweak
20200831213236
20200831213533
20200831223005
20200901115650-up
20200901170856-up
20200901174025-up
20200901174240-up
20200901175038-up
20200901204428-up
20200901205021-up
20200901211257-up
20200901212702-up
20200902082354-up
20200902084539-up
20200902085842-up
20200902192658-up
20200902195624-up
20200902195748-up
20200902200206-up
20200903121819-up
20200903122059-up
20200903184904-up
20200904071431-up
20200913211519-up
20200913214340-up
20201010111310-up
20201010152950-up
20201013112702-up
20201013171019-up
20201019093755-up